
Microsoft Visual Studio Solution File, Format Version 12.00
# Visual Studio Version 17
VisualStudioVersion = 17.9.34728.123
MinimumVisualStudioVersion = 10.0.40219.1
Project("{FAE04EC0-301F-11D3-BF4B-00C04F79EFBC}") = "FIT5032_MyJS", "FIT5032_MyJS\FIT5032_MyJS.csproj", "{9F655E9B-7D0D-4FDE-B833-4B5EE15CB3DF}"
EndProject
Global
	GlobalSection(SolutionConfigurationPlatforms) = preSolution
		Debug|Any CPU = Debug|Any CPU
		Release|Any CPU = Release|Any CPU
	EndGlobalSection
	GlobalSection(ProjectConfigurationPlatforms) = postSolution
		{9F655E9B-7D0D-4FDE-B833-4B5EE15CB3DF}.Debug|Any CPU.ActiveCfg = Debug|Any CPU
		{9F655E9B-7D0D-4FDE-B833-4B5EE15CB3DF}.Debug|Any CPU.Build.0 = Debug|Any CPU
		{9F655E9B-7D0D-4FDE-B833-4B5EE15CB3DF}.Release|Any CPU.ActiveCfg = Release|Any CPU
		{9F655E9B-7D0D-4FDE-B833-4B5EE15CB3DF}.Release|Any CPU.Build.0 = Release|Any CPU
	EndGlobalSection
	GlobalSection(SolutionProperties) = preSolution
		HideSolutionNode = FALSE
	EndGlobalSection
	GlobalSection(ExtensibilityGlobals) = postSolution
		SolutionGuid = {3B5E0205-2DE7-4CF3-BD88-FB976F8CE1EE}
	EndGlobalSection
EndGlobal
