
Microsoft Visual Studio Solution File, Format Version 12.00
# Visual Studio Version 17
VisualStudioVersion = 17.9.34728.123
MinimumVisualStudioVersion = 10.0.40219.1
Project("{FAE04EC0-301F-11D3-BF4B-00C04F79EFBC}") = "FIT5032_Week05C_1", "FIT5032_Week05C_1.csproj", "{28ECE870-BC4C-4F54-8087-BCCD917FA67B}"
EndProject
Global
	GlobalSection(SolutionConfigurationPlatforms) = preSolution
		Debug|Any CPU = Debug|Any CPU
		Release|Any CPU = Release|Any CPU
	EndGlobalSection
	GlobalSection(ProjectConfigurationPlatforms) = postSolution
		{28ECE870-BC4C-4F54-8087-BCCD917FA67B}.Debug|Any CPU.ActiveCfg = Debug|Any CPU
		{28ECE870-BC4C-4F54-8087-BCCD917FA67B}.Debug|Any CPU.Build.0 = Debug|Any CPU
		{28ECE870-BC4C-4F54-8087-BCCD917FA67B}.Release|Any CPU.ActiveCfg = Release|Any CPU
		{28ECE870-BC4C-4F54-8087-BCCD917FA67B}.Release|Any CPU.Build.0 = Release|Any CPU
	EndGlobalSection
	GlobalSection(SolutionProperties) = preSolution
		HideSolutionNode = FALSE
	EndGlobalSection
	GlobalSection(ExtensibilityGlobals) = postSolution
		SolutionGuid = {AB4F37A3-7F16-4097-BAEF-78D8616F556F}
	EndGlobalSection
EndGlobal
